// !$*UTF8*$!
{
	archiveVersion = 1;
	classes = {
	};
	objectVersion = 50;
	objects = {

/* Begin PBXBuildFile section */
		F0E63D98252B6575001D9799 /* AppDelegate.swift in Sources */ = {isa = PBXBuildFile; fileRef = F0E63D97252B6575001D9799 /* AppDelegate.swift */; };
		F0E63D9A252B6575001D9799 /* SceneDelegate.swift in Sources */ = {isa = PBXBuildFile; fileRef = F0E63D99252B6575001D9799 /* SceneDelegate.swift */; };
		F0E63D9C252B6575001D9799 /* MainViewController.swift in Sources */ = {isa = PBXBuildFile; fileRef = F0E63D9B252B6575001D9799 /* MainViewController.swift */; };
		F0E63D9F252B6575001D9799 /* Main.storyboard in Resources */ = {isa = PBXBuildFile; fileRef = F0E63D9D252B6575001D9799 /* Main.storyboard */; };
		F0E63DA1252B6577001D9799 /* Assets.xcassets in Resources */ = {isa = PBXBuildFile; fileRef = F0E63DA0252B6577001D9799 /* Assets.xcassets */; };
		F0E63DA4252B6577001D9799 /* LaunchScreen.storyboard in Resources */ = {isa = PBXBuildFile; fileRef = F0E63DA2252B6577001D9799 /* LaunchScreen.storyboard */; };
		F0E63DAD252B6607001D9799 /* SubscriptionVC.swift in Sources */ = {isa = PBXBuildFile; fileRef = F0E63DAC252B6607001D9799 /* SubscriptionVC.swift */; };
		F0E63DB0252B6610001D9799 /* SettingsVC.swift in Sources */ = {isa = PBXBuildFile; fileRef = F0E63DAF252B6610001D9799 /* SettingsVC.swift */; };
		F0E63DB3252B6619001D9799 /* GameVC.swift in Sources */ = {isa = PBXBuildFile; fileRef = F0E63DB2252B6619001D9799 /* GameVC.swift */; };
		F0E63DBA252B6C25001D9799 /* IAPProduct.swift in Sources */ = {isa = PBXBuildFile; fileRef = F0E63DB9252B6C25001D9799 /* IAPProduct.swift */; };
		F0E63DBD252B6C2B001D9799 /* IAPService.swift in Sources */ = {isa = PBXBuildFile; fileRef = F0E63DBC252B6C2B001D9799 /* IAPService.swift */; };
		F0E63DC0252B6C50001D9799 /* UIViewController+Extension.swift in Sources */ = {isa = PBXBuildFile; fileRef = F0E63DBF252B6C50001D9799 /* UIViewController+Extension.swift */; };
		F0E63DC3252B6C58001D9799 /* UserSettings.swift in Sources */ = {isa = PBXBuildFile; fileRef = F0E63DC2252B6C58001D9799 /* UserSettings.swift */; };
/* End PBXBuildFile section */

/* Begin PBXFileReference section */
		F0E63D94252B6575001D9799 /* INAPPGame.app */ = {isa = PBXFileReference; explicitFileType = wrapper.application; includeInIndex = 0; path = INAPPGame.app; sourceTree = BUILT_PRODUCTS_DIR; };
		F0E63D97252B6575001D9799 /* AppDelegate.swift */ = {isa = PBXFileReference; lastKnownFileType = sourcecode.swift; path = AppDelegate.swift; sourceTree = "<group>"; };
		F0E63D99252B6575001D9799 /* SceneDelegate.swift */ = {isa = PBXFileReference; lastKnownFileType = sourcecode.swift; path = SceneDelegate.swift; sourceTree = "<group>"; };
		F0E63D9B252B6575001D9799 /* MainViewController.swift */ = {isa = PBXFileReference; lastKnownFileType = sourcecode.swift; path = MainViewController.swift; sourceTree = "<group>"; };
		F0E63D9E252B6575001D9799 /* Base */ = {isa = PBXFileReference; lastKnownFileType = file.storyboard; name = Base; path = Base.lproj/Main.storyboard; sourceTree = "<group>"; };
		F0E63DA0252B6577001D9799 /* Assets.xcassets */ = {isa = PBXFileReference; lastKnownFileType = folder.assetcatalog; path = Assets.xcassets; sourceTree = "<group>"; };
		F0E63DA3252B6577001D9799 /* Base */ = {isa = PBXFileReference; lastKnownFileType = file.storyboard; name = Base; path = Base.lproj/LaunchScreen.storyboard; sourceTree = "<group>"; };
		F0E63DA5252B6577001D9799 /* Info.plist */ = {isa = PBXFileReference; lastKnownFileType = text.plist.xml; path = Info.plist; sourceTree = "<group>"; };
		F0E63DAC252B6607001D9799 /* SubscriptionVC.swift */ = {isa = PBXFileReference; lastKnownFileType = sourcecode.swift; path = SubscriptionVC.swift; sourceTree = "<group>"; };
		F0E63DAF252B6610001D9799 /* SettingsVC.swift */ = {isa = PBXFileReference; lastKnownFileType = sourcecode.swift; path = SettingsVC.swift; sourceTree = "<group>"; };
		F0E63DB2252B6619001D9799 /* GameVC.swift */ = {isa = PBXFileReference; lastKnownFileType = sourcecode.swift; path = GameVC.swift; sourceTree = "<group>"; };
		F0E63DB7252B6C09001D9799 /* INAPPGame.entitlements */ = {isa = PBXFileReference; lastKnownFileType = text.plist.entitlements; path = INAPPGame.entitlements; sourceTree = "<group>"; };
		F0E63DB9252B6C25001D9799 /* IAPProduct.swift */ = {isa = PBXFileReference; fileEncoding = 4; lastKnownFileType = sourcecode.swift; path = IAPProduct.swift; sourceTree = "<group>"; };
		F0E63DBC252B6C2B001D9799 /* IAPService.swift */ = {isa = PBXFileReference; fileEncoding = 4; lastKnownFileType = sourcecode.swift; path = IAPService.swift; sourceTree = "<group>"; };
		F0E63DBF252B6C50001D9799 /* UIViewController+Extension.swift */ = {isa = PBXFileReference; fileEncoding = 4; lastKnownFileType = sourcecode.swift; path = "UIViewController+Extension.swift"; sourceTree = "<group>"; };
		F0E63DC2252B6C58001D9799 /* UserSettings.swift */ = {isa = PBXFileReference; fileEncoding = 4; lastKnownFileType = sourcecode.swift; path = UserSettings.swift; sourceTree = "<group>"; };
/* End PBXFileReference section */

/* Begin PBXFrameworksBuildPhase section */
		F0E63D91252B6575001D9799 /* Frameworks */ = {
			isa = PBXFrameworksBuildPhase;
			buildActionMask = 2147483647;
			files = (
			);
			runOnlyForDeploymentPostprocessing = 0;
		};
/* End PBXFrameworksBuildPhase section */

/* Begin PBXGroup section */
		F0E63D8B252B6575001D9799 = {
			isa = PBXGroup;
			children = (
				F0E63D96252B6575001D9799 /* INAPPGame */,
				F0E63D95252B6575001D9799 /* Products */,
			);
			sourceTree = "<group>";
		};
		F0E63D95252B6575001D9799 /* Products */ = {
			isa = PBXGroup;
			children = (
				F0E63D94252B6575001D9799 /* INAPPGame.app */,
			);
			name = Products;
			sourceTree = "<group>";
		};
		F0E63D96252B6575001D9799 /* INAPPGame */ = {
			isa = PBXGroup;
			children = (
				F0E63DB7252B6C09001D9799 /* INAPPGame.entitlements */,
				F0E63D97252B6575001D9799 /* AppDelegate.swift */,
				F0E63D99252B6575001D9799 /* SceneDelegate.swift */,
				F0E63DC5252B6C6E001D9799 /* Controllers */,
				F0E63DC7252B6C76001D9799 /* Services */,
				F0E63DBF252B6C50001D9799 /* UIViewController+Extension.swift */,
				F0E63DC2252B6C58001D9799 /* UserSettings.swift */,
				F0E63D9D252B6575001D9799 /* Main.storyboard */,
				F0E63DA0252B6577001D9799 /* Assets.xcassets */,
				F0E63DA2252B6577001D9799 /* LaunchScreen.storyboard */,
				F0E63DA5252B6577001D9799 /* Info.plist */,
			);
			path = INAPPGame;
			sourceTree = "<group>";
		};
		F0E63DC5252B6C6E001D9799 /* Controllers */ = {
			isa = PBXGroup;
			children = (
				F0E63D9B252B6575001D9799 /* MainViewController.swift */,
				F0E63DAC252B6607001D9799 /* SubscriptionVC.swift */,
				F0E63DAF252B6610001D9799 /* SettingsVC.swift */,
				F0E63DB2252B6619001D9799 /* GameVC.swift */,
			);
			path = Controllers;
			sourceTree = "<group>";
		};
		F0E63DC7252B6C76001D9799 /* Services */ = {
			isa = PBXGroup;
			children = (
				F0E63DB9252B6C25001D9799 /* IAPProduct.swift */,
				F0E63DBC252B6C2B001D9799 /* IAPService.swift */,
			);
			path = Services;
			sourceTree = "<group>";
		};
/* End PBXGroup section */

/* Begin PBXNativeTarget section */
		F0E63D93252B6575001D9799 /* INAPPGame */ = {
			isa = PBXNativeTarget;
			buildConfigurationList = F0E63DA8252B6577001D9799 /* Build configuration list for PBXNativeTarget "INAPPGame" */;
			buildPhases = (
				F0E63D90252B6575001D9799 /* Sources */,
				F0E63D91252B6575001D9799 /* Frameworks */,
				F0E63D92252B6575001D9799 /* Resources */,
			);
			buildRules = (
			);
			dependencies = (
			);
			name = INAPPGame;
			productName = INAPPGame;
			productReference = F0E63D94252B6575001D9799 /* INAPPGame.app */;
			productType = "com.apple.product-type.application";
		};
/* End PBXNativeTarget section */

/* Begin PBXProject section */
		F0E63D8C252B6575001D9799 /* Project object */ = {
			isa = PBXProject;
			attributes = {
				LastSwiftUpdateCheck = 1200;
				LastUpgradeCheck = 1200;
				TargetAttributes = {
					F0E63D93252B6575001D9799 = {
						CreatedOnToolsVersion = 12.0;
					};
				};
			};
			buildConfigurationList = F0E63D8F252B6575001D9799 /* Build configuration list for PBXProject "INAPPGame" */;
			compatibilityVersion = "Xcode 9.3";
			developmentRegion = en;
			hasScannedForEncodings = 0;
			knownRegions = (
				en,
				Base,
			);
			mainGroup = F0E63D8B252B6575001D9799;
			productRefGroup = F0E63D95252B6575001D9799 /* Products */;
			projectDirPath = "";
			projectRoot = "";
			targets = (
				F0E63D93252B6575001D9799 /* INAPPGame */,
			);
		};
/* End PBXProject section */

/* Begin PBXResourcesBuildPhase section */
		F0E63D92252B6575001D9799 /* Resources */ = {
			isa = PBXResourcesBuildPhase;
			buildActionMask = 2147483647;
			files = (
				F0E63DA4252B6577001D9799 /* LaunchScreen.storyboard in Resources */,
				F0E63DA1252B6577001D9799 /* Assets.xcassets in Resources */,
				F0E63D9F252B6575001D9799 /* Main.storyboard in Resources */,
			);
			runOnlyForDeploymentPostprocessing = 0;
		};
/* End PBXResourcesBuildPhase section */

/* Begin PBXSourcesBuildPhase section */
		F0E63D90252B6575001D9799 /* Sources */ = {
			isa = PBXSourcesBuildPhase;
			buildActionMask = 2147483647;
			files = (
				F0E63DC0252B6C50001D9799 /* UIViewController+Extension.swift in Sources */,
				F0E63D9C252B6575001D9799 /* MainViewController.swift in Sources */,
				F0E63DAD252B6607001D9799 /* SubscriptionVC.swift in Sources */,
				F0E63DC3252B6C58001D9799 /* UserSettings.swift in Sources */,
				F0E63D98252B6575001D9799 /* AppDelegate.swift in Sources */,
				F0E63D9A252B6575001D9799 /* SceneDelegate.swift in Sources */,
				F0E63DB3252B6619001D9799 /* GameVC.swift in Sources */,
				F0E63DBA252B6C25001D9799 /* IAPProduct.swift in Sources */,
				F0E63DBD252B6C2B001D9799 /* IAPService.swift in Sources */,
				F0E63DB0252B6610001D9799 /* SettingsVC.swift in Sources */,
			);
			runOnlyForDeploymentPostprocessing = 0;
		};
/* End PBXSourcesBuildPhase section */

/* Begin PBXVariantGroup section */
		F0E63D9D252B6575001D9799 /* Main.storyboard */ = {
			isa = PBXVariantGroup;
			children = (
				F0E63D9E252B6575001D9799 /* Base */,
			);
			name = Main.storyboard;
			sourceTree = "<group>";
		};
		F0E63DA2252B6577001D9799 /* LaunchScreen.storyboard */ = {
			isa = PBXVariantGroup;
			children = (
				F0E63DA3252B6577001D9799 /* Base */,
			);
			name = LaunchScreen.storyboard;
			sourceTree = "<group>";
		};
/* End PBXVariantGroup section */

/* Begin XCBuildConfiguration section */
		F0E63DA6252B6577001D9799 /* Debug */ = {
			isa = XCBuildConfiguration;
			buildSettings = {
				ALWAYS_SEARCH_USER_PATHS = NO;
				CLANG_ANALYZER_NONNULL = YES;
				CLANG_ANALYZER_NUMBER_OBJECT_CONVERSION = YES_AGGRESSIVE;
				CLANG_CXX_LANGUAGE_STANDARD = "gnu++14";
				CLANG_CXX_LIBRARY = "libc++";
				CLANG_ENABLE_MODULES = YES;
				CLANG_ENABLE_OBJC_ARC = YES;
				CLANG_ENABLE_OBJC_WEAK = YES;
				CLANG_WARN_BLOCK_CAPTURE_AUTORELEASING = YES;
				CLANG_WARN_BOOL_CONVERSION = YES;
				CLANG_WARN_COMMA = YES;
				CLANG_WARN_CONSTANT_CONVERSION = YES;
				CLANG_WARN_DEPRECATED_OBJC_IMPLEMENTATIONS = YES;
				CLANG_WARN_DIRECT_OBJC_ISA_USAGE = YES_ERROR;
				CLANG_WARN_DOCUMENTATION_COMMENTS = YES;
				CLANG_WARN_EMPTY_BODY = YES;
				CLANG_WARN_ENUM_CONVERSION = YES;
				CLANG_WARN_INFINITE_RECURSION = YES;
				CLANG_WARN_INT_CONVERSION = YES;
				CLANG_WARN_NON_LITERAL_NULL_CONVERSION = YES;
				CLANG_WARN_OBJC_IMPLICIT_RETAIN_SELF = YES;
				CLANG_WARN_OBJC_LITERAL_CONVERSION = YES;
				CLANG_WARN_OBJC_ROOT_CLASS = YES_ERROR;
				CLANG_WARN_QUOTED_INCLUDE_IN_FRAMEWORK_HEADER = YES;
				CLANG_WARN_RANGE_LOOP_ANALYSIS = YES;
				CLANG_WARN_STRICT_PROTOTYPES = YES;
				CLANG_WARN_SUSPICIOUS_MOVE = YES;
				CLANG_WARN_UNGUARDED_AVAILABILITY = YES_AGGRESSIVE;
				CLANG_WARN_UNREACHABLE_CODE = YES;
				CLANG_WARN__DUPLICATE_METHOD_MATCH = YES;
				COPY_PHASE_STRIP = NO;
				DEBUG_INFORMATION_FORMAT = dwarf;
				ENABLE_STRICT_OBJC_MSGSEND = YES;
				ENABLE_TESTABILITY = YES;
				GCC_C_LANGUAGE_STANDARD = gnu11;
				GCC_DYNAMIC_NO_PIC = NO;
				GCC_NO_COMMON_BLOCKS = YES;
				GCC_OPTIMIZATION_LEVEL = 0;
				GCC_PREPROCESSOR_DEFINITIONS = (
					"DEBUG=1",
					"$(inherited)",
				);
				GCC_WARN_64_TO_32_BIT_CONVERSION = YES;
				GCC_WARN_ABOUT_RETURN_TYPE = YES_ERROR;
				GCC_WARN_UNDECLARED_SELECTOR = YES;
				GCC_WARN_UNINITIALIZED_AUTOS = YES_AGGRESSIVE;
				GCC_WARN_UNUSED_FUNCTION = YES;
				GCC_WARN_UNUSED_VARIABLE = YES;
				IPHONEOS_DEPLOYMENT_TARGET = 14.0;
				MTL_ENABLE_DEBUG_INFO = INCLUDE_SOURCE;
				MTL_FAST_MATH = YES;
				ONLY_ACTIVE_ARCH = YES;
				SDKROOT = iphoneos;
				SWIFT_ACTIVE_COMPILATION_CONDITIONS = DEBUG;
				SWIFT_OPTIMIZATION_LEVEL = "-Onone";
			};
			name = Debug;
		};
		F0E63DA7252B6577001D9799 /* Release */ = {
			isa = XCBuildConfiguration;
			buildSettings = {
				ALWAYS_SEARCH_USER_PATHS = NO;
				CLANG_ANALYZER_NONNULL = YES;
				CLANG_ANALYZER_NUMBER_OBJECT_CONVERSION = YES_AGGRESSIVE;
				CLANG_CXX_LANGUAGE_STANDARD = "gnu++14";
				CLANG_CXX_LIBRARY = "libc++";
				CLANG_ENABLE_MODULES = YES;
				CLANG_ENABLE_OBJC_ARC = YES;
				CLANG_ENABLE_OBJC_WEAK = YES;
				CLANG_WARN_BLOCK_CAPTURE_AUTORELEASING = YES;
				CLANG_WARN_BOOL_CONVERSION = YES;
				CLANG_WARN_COMMA = YES;
				CLANG_WARN_CONSTANT_CONVERSION = YES;
				CLANG_WARN_DEPRECATED_OBJC_IMPLEMENTATIONS = YES;
				CLANG_WARN_DIRECT_OBJC_ISA_USAGE = YES_ERROR;
				CLANG_WARN_DOCUMENTATION_COMMENTS = YES;
				CLANG_WARN_EMPTY_BODY = YES;
				CLANG_WARN_ENUM_CONVERSION = YES;
				CLANG_WARN_INFINITE_RECURSION = YES;
				CLANG_WARN_INT_CONVERSION = YES;
				CLANG_WARN_NON_LITERAL_NULL_CONVERSION = YES;
				CLANG_WARN_OBJC_IMPLICIT_RETAIN_SELF = YES;
				CLANG_WARN_OBJC_LITERAL_CONVERSION = YES;
				CLANG_WARN_OBJC_ROOT_CLASS = YES_ERROR;
				CLANG_WARN_QUOTED_INCLUDE_IN_FRAMEWORK_HEADER = YES;
				CLANG_WARN_RANGE_LOOP_ANALYSIS = YES;
				CLANG_WARN_STRICT_PROTOTYPES = YES;
				CLANG_WARN_SUSPICIOUS_MOVE = YES;
				CLANG_WARN_UNGUARDED_AVAILABILITY = YES_AGGRESSIVE;
				CLANG_WARN_UNREACHABLE_CODE = YES;
				CLANG_WARN__DUPLICATE_METHOD_MATCH = YES;
				COPY_PHASE_STRIP = NO;
				DEBUG_INFORMATION_FORMAT = "dwarf-with-dsym";
				ENABLE_NS_ASSERTIONS = NO;
				ENABLE_STRICT_OBJC_MSGSEND = YES;
				GCC_C_LANGUAGE_STANDARD = gnu11;
				GCC_NO_COMMON_BLOCKS = YES;
				GCC_WARN_64_TO_32_BIT_CONVERSION = YES;
				GCC_WARN_ABOUT_RETURN_TYPE = YES_ERROR;
				GCC_WARN_UNDECLARED_SELECTOR = YES;
				GCC_WARN_UNINITIALIZED_AUTOS = YES_AGGRESSIVE;
				GCC_WARN_UNUSED_FUNCTION = YES;
				GCC_WARN_UNUSED_VARIABLE = YES;
				IPHONEOS_DEPLOYMENT_TARGET = 14.0;
				MTL_ENABLE_DEBUG_INFO = NO;
				MTL_FAST_MATH = YES;
				SDKROOT = iphoneos;
				SWIFT_COMPILATION_MODE = wholemodule;
				SWIFT_OPTIMIZATION_LEVEL = "-O";
				VALIDATE_PRODUCT = YES;
			};
			name = Release;
		};
		F0E63DA9252B6577001D9799 /* Debug */ = {
			isa = XCBuildConfiguration;
			buildSettings = {
				ASSETCATALOG_COMPILER_APPICON_NAME = AppIcon;
				ASSETCATALOG_COMPILER_GLOBAL_ACCENT_COLOR_NAME = AccentColor;
				CODE_SIGN_ENTITLEMENTS = INAPPGame/INAPPGame.entitlements;
				CODE_SIGN_STYLE = Automatic;
				DEVELOPMENT_TEAM = TSZQ4D456H;
				INFOPLIST_FILE = INAPPGame/Info.plist;
				LD_RUNPATH_SEARCH_PATHS = (
					"$(inherited)",
					"@executable_path/Frameworks",
				);
				PRODUCT_BUNDLE_IDENTIFIER = com.alexeyParkhomenko.Scanlike;
				PRODUCT_NAME = "$(TARGET_NAME)";
				SWIFT_VERSION = 5.0;
				TARGETED_DEVICE_FAMILY = "1,2";
			};
			name = Debug;
		};
		F0E63DAA252B6577001D9799 /* Release */ = {
			isa = XCBuildConfiguration;
			buildSettings = {
				ASSETCATALOG_COMPILER_APPICON_NAME = AppIcon;
				ASSETCATALOG_COMPILER_GLOBAL_ACCENT_COLOR_NAME = AccentColor;
				CODE_SIGN_ENTITLEMENTS = INAPPGame/INAPPGame.entitlements;
				CODE_SIGN_STYLE = Automatic;
				DEVELOPMENT_TEAM = TSZQ4D456H;
				INFOPLIST_FILE = INAPPGame/Info.plist;
				LD_RUNPATH_SEARCH_PATHS = (
					"$(inherited)",
					"@executable_path/Frameworks",
				);
				PRODUCT_BUNDLE_IDENTIFIER = com.alexeyParkhomenko.Scanlike;
				PRODUCT_NAME = "$(TARGET_NAME)";
				SWIFT_VERSION = 5.0;
				TARGETED_DEVICE_FAMILY = "1,2";
			};
			name = Release;
		};
/* End XCBuildConfiguration section */

/* Begin XCConfigurationList section */
		F0E63D8F252B6575001D9799 /* Build configuration list for PBXProject "INAPPGame" */ = {
			isa = XCConfigurationList;
			buildConfigurations = (
				F0E63DA6252B6577001D9799 /* Debug */,
				F0E63DA7252B6577001D9799 /* Release */,
			);
			defaultConfigurationIsVisible = 0;
			defaultConfigurationName = Release;
		};
		F0E63DA8252B6577001D9799 /* Build configuration list for PBXNativeTarget "INAPPGame" */ = {
			isa = XCConfigurationList;
			buildConfigurations = (
				F0E63DA9252B6577001D9799 /* Debug */,
				F0E63DAA252B6577001D9799 /* Release */,
			);
			defaultConfigurationIsVisible = 0;
			defaultConfigurationName = Release;
		};
/* End XCConfigurationList section */
	};
	rootObject = F0E63D8C252B6575001D9799 /* Project object */;
}
